
Microsoft Visual Studio Solution File, Format Version 12.00
# Visual Studio Version 16
VisualStudioVersion = 16.0.30907.101
MinimumVisualStudioVersion = 10.0.40219.1
Project("{FAE04EC0-301F-11D3-BF4B-00C04F79EFBC}") = "LabExerciseContainerImage", "LabExerciseContainerImage\LabExerciseContainerImage.csproj", "{DD3FE2F3-A4D3-4D34-AA2C-6E7F2FBDCA9E}"
EndProject
Global
	GlobalSection(SolutionConfigurationPlatforms) = preSolution
		Debug|Any CPU = Debug|Any CPU
		Release|Any CPU = Release|Any CPU
	EndGlobalSection
	GlobalSection(ProjectConfigurationPlatforms) = postSolution
		{DD3FE2F3-A4D3-4D34-AA2C-6E7F2FBDCA9E}.Debug|Any CPU.ActiveCfg = Debug|Any CPU
		{DD3FE2F3-A4D3-4D34-AA2C-6E7F2FBDCA9E}.Debug|Any CPU.Build.0 = Debug|Any CPU
		{DD3FE2F3-A4D3-4D34-AA2C-6E7F2FBDCA9E}.Release|Any CPU.ActiveCfg = Release|Any CPU
		{DD3FE2F3-A4D3-4D34-AA2C-6E7F2FBDCA9E}.Release|Any CPU.Build.0 = Release|Any CPU
	EndGlobalSection
	GlobalSection(SolutionProperties) = preSolution
		HideSolutionNode = FALSE
	EndGlobalSection
	GlobalSection(ExtensibilityGlobals) = postSolution
		SolutionGuid = {3D28FBE8-4CA4-4AFC-8F3E-A8E995733E33}
	EndGlobalSection
EndGlobal
